
Microsoft Visual Studio Solution File, Format Version 12.00
# Visual Studio 15
VisualStudioVersion = 15.0.26124.0
MinimumVisualStudioVersion = 15.0.26124.0
Project("{9A19103F-16F7-4668-BE54-9A1E7A4F7556}") = "IdentityServer", "IdentityServer\IdentityServer.csproj", "{514A9571-A526-4FEC-97D6-B123E2BEE3C8}"
EndProject
Project("{2150E333-8FDC-42A3-9474-1A3956D46DE8}") = "1.IdentityServer", "1.IdentityServer", "{BFD5EEBD-A6AC-4505-921C-5E11FD6D4F4C}"
EndProject
Project("{2150E333-8FDC-42A3-9474-1A3956D46DE8}") = "6.Test", "6.Test", "{9D3AA279-9E49-48F0-8D18-404542CD233B}"
EndProject
Project("{9A19103F-16F7-4668-BE54-9A1E7A4F7556}") = "Test", "Test\Test.csproj", "{566FF5B1-26FE-493F-B939-EAD0C063442C}"
EndProject
Project("{2150E333-8FDC-42A3-9474-1A3956D46DE8}") = "2.Ocelot", "2.Ocelot", "{B92C52C5-A4CC-4685-84E9-1080047D1D5B}"
EndProject
Project("{9A19103F-16F7-4668-BE54-9A1E7A4F7556}") = "Ocelot.Gateway", "Ocelot\Ocelot.Gateway.csproj", "{A3BE9C8B-60E7-4441-B68E-16866DEF8E4A}"
EndProject
Project("{2150E333-8FDC-42A3-9474-1A3956D46DE8}") = "4.Fox.Services", "4.Fox.Services", "{0208B4D9-E41F-41B1-9F48-5FBC8CA06116}"
EndProject
Project("{9A19103F-16F7-4668-BE54-9A1E7A4F7556}") = "Fox.BasketApi", "Fox.BasketApi\Fox.BasketApi.csproj", "{E1453906-4646-4B1A-8F1E-BD0C148B36C9}"
EndProject
Project("{2150E333-8FDC-42A3-9474-1A3956D46DE8}") = "Basket", "Basket", "{48D12A29-85BA-4918-8D8F-CAA63BB76F98}"
EndProject
Project("{2150E333-8FDC-42A3-9474-1A3956D46DE8}") = "3.Common", "3.Common", "{CB8E460B-74CA-4B22-8C31-0C623E5D3777}"
EndProject
Project("{9A19103F-16F7-4668-BE54-9A1E7A4F7556}") = "Fox.Common", "Fox.Common\Fox.Common.csproj", "{B32F5FC3-A6E2-42AE-BEF7-5B19CEF83316}"
EndProject
Project("{2150E333-8FDC-42A3-9474-1A3956D46DE8}") = "Catalog", "Catalog", "{30659BBD-D700-465C-B6FD-80BD0931FED3}"
EndProject
Project("{2150E333-8FDC-42A3-9474-1A3956D46DE8}") = "Payments", "Payments", "{F52261C8-7271-438C-8B7B-BA944710EC81}"
EndProject
Project("{2150E333-8FDC-42A3-9474-1A3956D46DE8}") = "Ordering", "Ordering", "{0D51B4BA-FF0B-4246-8B92-FFEE0731D23B}"
EndProject
Project("{9A19103F-16F7-4668-BE54-9A1E7A4F7556}") = "Fox.Catalog", "Fox.Catalog\Fox.Catalog.csproj", "{60DC20AB-2CB4-4A9C-9EE3-D598467B287B}"
EndProject
Project("{9A19103F-16F7-4668-BE54-9A1E7A4F7556}") = "Fox.Ordering", "Fox.Ordering\Fox.Ordering.csproj", "{A144B9C2-C609-46DE-BECB-5F1D1114F742}"
EndProject
Project("{9A19103F-16F7-4668-BE54-9A1E7A4F7556}") = "Fox.Payments", "Fox.Payments\Fox.Payments.csproj", "{499175AC-48DB-4B83-80A8-E4C262AF20D3}"
EndProject
Project("{2150E333-8FDC-42A3-9474-1A3956D46DE8}") = "5.Rabbit", "5.Rabbit", "{12ABACE7-17C0-4F73-BFEE-52526B1059BB}"
EndProject
Project("{FAE04EC0-301F-11D3-BF4B-00C04F79EFBC}") = "RabbitMQ.Consumer", "RabbitMQ.Consumer\RabbitMQ.Consumer.csproj", "{23ECF3E1-CAAF-43FA-A9E7-D66B7C2B96FF}"
EndProject
Global
	GlobalSection(SolutionConfigurationPlatforms) = preSolution
		Debug|Any CPU = Debug|Any CPU
		Debug|x64 = Debug|x64
		Debug|x86 = Debug|x86
		Release|Any CPU = Release|Any CPU
		Release|x64 = Release|x64
		Release|x86 = Release|x86
	EndGlobalSection
	GlobalSection(ProjectConfigurationPlatforms) = postSolution
		{514A9571-A526-4FEC-97D6-B123E2BEE3C8}.Debug|Any CPU.ActiveCfg = Debug|Any CPU
		{514A9571-A526-4FEC-97D6-B123E2BEE3C8}.Debug|Any CPU.Build.0 = Debug|Any CPU
		{514A9571-A526-4FEC-97D6-B123E2BEE3C8}.Debug|x64.ActiveCfg = Debug|Any CPU
		{514A9571-A526-4FEC-97D6-B123E2BEE3C8}.Debug|x64.Build.0 = Debug|Any CPU
		{514A9571-A526-4FEC-97D6-B123E2BEE3C8}.Debug|x86.ActiveCfg = Debug|Any CPU
		{514A9571-A526-4FEC-97D6-B123E2BEE3C8}.Debug|x86.Build.0 = Debug|Any CPU
		{514A9571-A526-4FEC-97D6-B123E2BEE3C8}.Release|Any CPU.ActiveCfg = Release|Any CPU
		{514A9571-A526-4FEC-97D6-B123E2BEE3C8}.Release|Any CPU.Build.0 = Release|Any CPU
		{514A9571-A526-4FEC-97D6-B123E2BEE3C8}.Release|x64.ActiveCfg = Release|Any CPU
		{514A9571-A526-4FEC-97D6-B123E2BEE3C8}.Release|x64.Build.0 = Release|Any CPU
		{514A9571-A526-4FEC-97D6-B123E2BEE3C8}.Release|x86.ActiveCfg = Release|Any CPU
		{514A9571-A526-4FEC-97D6-B123E2BEE3C8}.Release|x86.Build.0 = Release|Any CPU
		{566FF5B1-26FE-493F-B939-EAD0C063442C}.Debug|Any CPU.ActiveCfg = Debug|Any CPU
		{566FF5B1-26FE-493F-B939-EAD0C063442C}.Debug|Any CPU.Build.0 = Debug|Any CPU
		{566FF5B1-26FE-493F-B939-EAD0C063442C}.Debug|x64.ActiveCfg = Debug|Any CPU
		{566FF5B1-26FE-493F-B939-EAD0C063442C}.Debug|x64.Build.0 = Debug|Any CPU
		{566FF5B1-26FE-493F-B939-EAD0C063442C}.Debug|x86.ActiveCfg = Debug|Any CPU
		{566FF5B1-26FE-493F-B939-EAD0C063442C}.Debug|x86.Build.0 = Debug|Any CPU
		{566FF5B1-26FE-493F-B939-EAD0C063442C}.Release|Any CPU.ActiveCfg = Release|Any CPU
		{566FF5B1-26FE-493F-B939-EAD0C063442C}.Release|Any CPU.Build.0 = Release|Any CPU
		{566FF5B1-26FE-493F-B939-EAD0C063442C}.Release|x64.ActiveCfg = Release|Any CPU
		{566FF5B1-26FE-493F-B939-EAD0C063442C}.Release|x64.Build.0 = Release|Any CPU
		{566FF5B1-26FE-493F-B939-EAD0C063442C}.Release|x86.ActiveCfg = Release|Any CPU
		{566FF5B1-26FE-493F-B939-EAD0C063442C}.Release|x86.Build.0 = Release|Any CPU
		{A3BE9C8B-60E7-4441-B68E-16866DEF8E4A}.Debug|Any CPU.ActiveCfg = Debug|Any CPU
		{A3BE9C8B-60E7-4441-B68E-16866DEF8E4A}.Debug|Any CPU.Build.0 = Debug|Any CPU
		{A3BE9C8B-60E7-4441-B68E-16866DEF8E4A}.Debug|x64.ActiveCfg = Debug|Any CPU
		{A3BE9C8B-60E7-4441-B68E-16866DEF8E4A}.Debug|x64.Build.0 = Debug|Any CPU
		{A3BE9C8B-60E7-4441-B68E-16866DEF8E4A}.Debug|x86.ActiveCfg = Debug|Any CPU
		{A3BE9C8B-60E7-4441-B68E-16866DEF8E4A}.Debug|x86.Build.0 = Debug|Any CPU
		{A3BE9C8B-60E7-4441-B68E-16866DEF8E4A}.Release|Any CPU.ActiveCfg = Release|Any CPU
		{A3BE9C8B-60E7-4441-B68E-16866DEF8E4A}.Release|Any CPU.Build.0 = Release|Any CPU
		{A3BE9C8B-60E7-4441-B68E-16866DEF8E4A}.Release|x64.ActiveCfg = Release|Any CPU
		{A3BE9C8B-60E7-4441-B68E-16866DEF8E4A}.Release|x64.Build.0 = Release|Any CPU
		{A3BE9C8B-60E7-4441-B68E-16866DEF8E4A}.Release|x86.ActiveCfg = Release|Any CPU
		{A3BE9C8B-60E7-4441-B68E-16866DEF8E4A}.Release|x86.Build.0 = Release|Any CPU
		{E1453906-4646-4B1A-8F1E-BD0C148B36C9}.Debug|Any CPU.ActiveCfg = Debug|Any CPU
		{E1453906-4646-4B1A-8F1E-BD0C148B36C9}.Debug|Any CPU.Build.0 = Debug|Any CPU
		{E1453906-4646-4B1A-8F1E-BD0C148B36C9}.Debug|x64.ActiveCfg = Debug|Any CPU
		{E1453906-4646-4B1A-8F1E-BD0C148B36C9}.Debug|x64.Build.0 = Debug|Any CPU
		{E1453906-4646-4B1A-8F1E-BD0C148B36C9}.Debug|x86.ActiveCfg = Debug|Any CPU
		{E1453906-4646-4B1A-8F1E-BD0C148B36C9}.Debug|x86.Build.0 = Debug|Any CPU
		{E1453906-4646-4B1A-8F1E-BD0C148B36C9}.Release|Any CPU.ActiveCfg = Release|Any CPU
		{E1453906-4646-4B1A-8F1E-BD0C148B36C9}.Release|Any CPU.Build.0 = Release|Any CPU
		{E1453906-4646-4B1A-8F1E-BD0C148B36C9}.Release|x64.ActiveCfg = Release|Any CPU
		{E1453906-4646-4B1A-8F1E-BD0C148B36C9}.Release|x64.Build.0 = Release|Any CPU
		{E1453906-4646-4B1A-8F1E-BD0C148B36C9}.Release|x86.ActiveCfg = Release|Any CPU
		{E1453906-4646-4B1A-8F1E-BD0C148B36C9}.Release|x86.Build.0 = Release|Any CPU
		{B32F5FC3-A6E2-42AE-BEF7-5B19CEF83316}.Debug|Any CPU.ActiveCfg = Debug|Any CPU
		{B32F5FC3-A6E2-42AE-BEF7-5B19CEF83316}.Debug|Any CPU.Build.0 = Debug|Any CPU
		{B32F5FC3-A6E2-42AE-BEF7-5B19CEF83316}.Debug|x64.ActiveCfg = Debug|Any CPU
		{B32F5FC3-A6E2-42AE-BEF7-5B19CEF83316}.Debug|x64.Build.0 = Debug|Any CPU
		{B32F5FC3-A6E2-42AE-BEF7-5B19CEF83316}.Debug|x86.ActiveCfg = Debug|Any CPU
		{B32F5FC3-A6E2-42AE-BEF7-5B19CEF83316}.Debug|x86.Build.0 = Debug|Any CPU
		{B32F5FC3-A6E2-42AE-BEF7-5B19CEF83316}.Release|Any CPU.ActiveCfg = Release|Any CPU
		{B32F5FC3-A6E2-42AE-BEF7-5B19CEF83316}.Release|Any CPU.Build.0 = Release|Any CPU
		{B32F5FC3-A6E2-42AE-BEF7-5B19CEF83316}.Release|x64.ActiveCfg = Release|Any CPU
		{B32F5FC3-A6E2-42AE-BEF7-5B19CEF83316}.Release|x64.Build.0 = Release|Any CPU
		{B32F5FC3-A6E2-42AE-BEF7-5B19CEF83316}.Release|x86.ActiveCfg = Release|Any CPU
		{B32F5FC3-A6E2-42AE-BEF7-5B19CEF83316}.Release|x86.Build.0 = Release|Any CPU
		{60DC20AB-2CB4-4A9C-9EE3-D598467B287B}.Debug|Any CPU.ActiveCfg = Debug|Any CPU
		{60DC20AB-2CB4-4A9C-9EE3-D598467B287B}.Debug|Any CPU.Build.0 = Debug|Any CPU
		{60DC20AB-2CB4-4A9C-9EE3-D598467B287B}.Debug|x64.ActiveCfg = Debug|Any CPU
		{60DC20AB-2CB4-4A9C-9EE3-D598467B287B}.Debug|x64.Build.0 = Debug|Any CPU
		{60DC20AB-2CB4-4A9C-9EE3-D598467B287B}.Debug|x86.ActiveCfg = Debug|Any CPU
		{60DC20AB-2CB4-4A9C-9EE3-D598467B287B}.Debug|x86.Build.0 = Debug|Any CPU
		{60DC20AB-2CB4-4A9C-9EE3-D598467B287B}.Release|Any CPU.ActiveCfg = Release|Any CPU
		{60DC20AB-2CB4-4A9C-9EE3-D598467B287B}.Release|Any CPU.Build.0 = Release|Any CPU
		{60DC20AB-2CB4-4A9C-9EE3-D598467B287B}.Release|x64.ActiveCfg = Release|Any CPU
		{60DC20AB-2CB4-4A9C-9EE3-D598467B287B}.Release|x64.Build.0 = Release|Any CPU
		{60DC20AB-2CB4-4A9C-9EE3-D598467B287B}.Release|x86.ActiveCfg = Release|Any CPU
		{60DC20AB-2CB4-4A9C-9EE3-D598467B287B}.Release|x86.Build.0 = Release|Any CPU
		{A144B9C2-C609-46DE-BECB-5F1D1114F742}.Debug|Any CPU.ActiveCfg = Debug|Any CPU
		{A144B9C2-C609-46DE-BECB-5F1D1114F742}.Debug|Any CPU.Build.0 = Debug|Any CPU
		{A144B9C2-C609-46DE-BECB-5F1D1114F742}.Debug|x64.ActiveCfg = Debug|Any CPU
		{A144B9C2-C609-46DE-BECB-5F1D1114F742}.Debug|x64.Build.0 = Debug|Any CPU
		{A144B9C2-C609-46DE-BECB-5F1D1114F742}.Debug|x86.ActiveCfg = Debug|Any CPU
		{A144B9C2-C609-46DE-BECB-5F1D1114F742}.Debug|x86.Build.0 = Debug|Any CPU
		{A144B9C2-C609-46DE-BECB-5F1D1114F742}.Release|Any CPU.ActiveCfg = Release|Any CPU
		{A144B9C2-C609-46DE-BECB-5F1D1114F742}.Release|Any CPU.Build.0 = Release|Any CPU
		{A144B9C2-C609-46DE-BECB-5F1D1114F742}.Release|x64.ActiveCfg = Release|Any CPU
		{A144B9C2-C609-46DE-BECB-5F1D1114F742}.Release|x64.Build.0 = Release|Any CPU
		{A144B9C2-C609-46DE-BECB-5F1D1114F742}.Release|x86.ActiveCfg = Release|Any CPU
		{A144B9C2-C609-46DE-BECB-5F1D1114F742}.Release|x86.Build.0 = Release|Any CPU
		{499175AC-48DB-4B83-80A8-E4C262AF20D3}.Debug|Any CPU.ActiveCfg = Debug|Any CPU
		{499175AC-48DB-4B83-80A8-E4C262AF20D3}.Debug|Any CPU.Build.0 = Debug|Any CPU
		{499175AC-48DB-4B83-80A8-E4C262AF20D3}.Debug|x64.ActiveCfg = Debug|Any CPU
		{499175AC-48DB-4B83-80A8-E4C262AF20D3}.Debug|x64.Build.0 = Debug|Any CPU
		{499175AC-48DB-4B83-80A8-E4C262AF20D3}.Debug|x86.ActiveCfg = Debug|Any CPU
		{499175AC-48DB-4B83-80A8-E4C262AF20D3}.Debug|x86.Build.0 = Debug|Any CPU
		{499175AC-48DB-4B83-80A8-E4C262AF20D3}.Release|Any CPU.ActiveCfg = Release|Any CPU
		{499175AC-48DB-4B83-80A8-E4C262AF20D3}.Release|Any CPU.Build.0 = Release|Any CPU
		{499175AC-48DB-4B83-80A8-E4C262AF20D3}.Release|x64.ActiveCfg = Release|Any CPU
		{499175AC-48DB-4B83-80A8-E4C262AF20D3}.Release|x64.Build.0 = Release|Any CPU
		{499175AC-48DB-4B83-80A8-E4C262AF20D3}.Release|x86.ActiveCfg = Release|Any CPU
		{499175AC-48DB-4B83-80A8-E4C262AF20D3}.Release|x86.Build.0 = Release|Any CPU
		{23ECF3E1-CAAF-43FA-A9E7-D66B7C2B96FF}.Debug|Any CPU.ActiveCfg = Debug|Any CPU
		{23ECF3E1-CAAF-43FA-A9E7-D66B7C2B96FF}.Debug|Any CPU.Build.0 = Debug|Any CPU
		{23ECF3E1-CAAF-43FA-A9E7-D66B7C2B96FF}.Debug|x64.ActiveCfg = Debug|Any CPU
		{23ECF3E1-CAAF-43FA-A9E7-D66B7C2B96FF}.Debug|x64.Build.0 = Debug|Any CPU
		{23ECF3E1-CAAF-43FA-A9E7-D66B7C2B96FF}.Debug|x86.ActiveCfg = Debug|Any CPU
		{23ECF3E1-CAAF-43FA-A9E7-D66B7C2B96FF}.Debug|x86.Build.0 = Debug|Any CPU
		{23ECF3E1-CAAF-43FA-A9E7-D66B7C2B96FF}.Release|Any CPU.ActiveCfg = Release|Any CPU
		{23ECF3E1-CAAF-43FA-A9E7-D66B7C2B96FF}.Release|Any CPU.Build.0 = Release|Any CPU
		{23ECF3E1-CAAF-43FA-A9E7-D66B7C2B96FF}.Release|x64.ActiveCfg = Release|Any CPU
		{23ECF3E1-CAAF-43FA-A9E7-D66B7C2B96FF}.Release|x64.Build.0 = Release|Any CPU
		{23ECF3E1-CAAF-43FA-A9E7-D66B7C2B96FF}.Release|x86.ActiveCfg = Release|Any CPU
		{23ECF3E1-CAAF-43FA-A9E7-D66B7C2B96FF}.Release|x86.Build.0 = Release|Any CPU
	EndGlobalSection
	GlobalSection(SolutionProperties) = preSolution
		HideSolutionNode = FALSE
	EndGlobalSection
	GlobalSection(NestedProjects) = preSolution
		{514A9571-A526-4FEC-97D6-B123E2BEE3C8} = {BFD5EEBD-A6AC-4505-921C-5E11FD6D4F4C}
		{566FF5B1-26FE-493F-B939-EAD0C063442C} = {9D3AA279-9E49-48F0-8D18-404542CD233B}
		{A3BE9C8B-60E7-4441-B68E-16866DEF8E4A} = {B92C52C5-A4CC-4685-84E9-1080047D1D5B}
		{E1453906-4646-4B1A-8F1E-BD0C148B36C9} = {48D12A29-85BA-4918-8D8F-CAA63BB76F98}
		{48D12A29-85BA-4918-8D8F-CAA63BB76F98} = {0208B4D9-E41F-41B1-9F48-5FBC8CA06116}
		{B32F5FC3-A6E2-42AE-BEF7-5B19CEF83316} = {CB8E460B-74CA-4B22-8C31-0C623E5D3777}
		{30659BBD-D700-465C-B6FD-80BD0931FED3} = {0208B4D9-E41F-41B1-9F48-5FBC8CA06116}
		{F52261C8-7271-438C-8B7B-BA944710EC81} = {0208B4D9-E41F-41B1-9F48-5FBC8CA06116}
		{0D51B4BA-FF0B-4246-8B92-FFEE0731D23B} = {0208B4D9-E41F-41B1-9F48-5FBC8CA06116}
		{60DC20AB-2CB4-4A9C-9EE3-D598467B287B} = {30659BBD-D700-465C-B6FD-80BD0931FED3}
		{A144B9C2-C609-46DE-BECB-5F1D1114F742} = {0D51B4BA-FF0B-4246-8B92-FFEE0731D23B}
		{499175AC-48DB-4B83-80A8-E4C262AF20D3} = {F52261C8-7271-438C-8B7B-BA944710EC81}
		{23ECF3E1-CAAF-43FA-A9E7-D66B7C2B96FF} = {12ABACE7-17C0-4F73-BFEE-52526B1059BB}
	EndGlobalSection
	GlobalSection(ExtensibilityGlobals) = postSolution
		SolutionGuid = {196F951F-F335-451B-834B-284FFE2FF703}
	EndGlobalSection
EndGlobal
